// !$*UTF8*$!
{
	archiveVersion = 1;
	classes = {
	};
	objectVersion = 51;
	objects = {

/* Begin PBXBuildFile section */
		32C10D2BDA49C30107AD309E /* Pods_LoadingShimmerOnTableView.framework in Frameworks */ = {isa = PBXBuildFile; fileRef = 8CD264507ADCF215ADB2841E /* Pods_LoadingShimmerOnTableView.framework */; };
		CB20B8142467E84600A68227 /* AppDelegate.swift in Sources */ = {isa = PBXBuildFile; fileRef = CB20B8132467E84600A68227 /* AppDelegate.swift */; };
		CB20B8162467E84600A68227 /* SceneDelegate.swift in Sources */ = {isa = PBXBuildFile; fileRef = CB20B8152467E84600A68227 /* SceneDelegate.swift */; };
		CB20B8182467E84600A68227 /* ViewController.swift in Sources */ = {isa = PBXBuildFile; fileRef = CB20B8172467E84600A68227 /* ViewController.swift */; };
		CB20B81B2467E84600A68227 /* Main.storyboard in Resources */ = {isa = PBXBuildFile; fileRef = CB20B8192467E84600A68227 /* Main.storyboard */; };
		CB20B81D2467E84900A68227 /* Assets.xcassets in Resources */ = {isa = PBXBuildFile; fileRef = CB20B81C2467E84900A68227 /* Assets.xcassets */; };
		CB20B8202467E84900A68227 /* LaunchScreen.storyboard in Resources */ = {isa = PBXBuildFile; fileRef = CB20B81E2467E84900A68227 /* LaunchScreen.storyboard */; };
		CB20B8282467EA2300A68227 /* CustomTableViewCell.swift in Sources */ = {isa = PBXBuildFile; fileRef = CB20B8272467EA2300A68227 /* CustomTableViewCell.swift */; };
/* End PBXBuildFile section */

/* Begin PBXFileReference section */
		67CC16A63AD6BCF41FB82435 /* Pods-LoadingShimmerOnTableView.debug.xcconfig */ = {isa = PBXFileReference; includeInIndex = 1; lastKnownFileType = text.xcconfig; name = "Pods-LoadingShimmerOnTableView.debug.xcconfig"; path = "Target Support Files/Pods-LoadingShimmerOnTableView/Pods-LoadingShimmerOnTableView.debug.xcconfig"; sourceTree = "<group>"; };
		8CD264507ADCF215ADB2841E /* Pods_LoadingShimmerOnTableView.framework */ = {isa = PBXFileReference; explicitFileType = wrapper.framework; includeInIndex = 0; path = Pods_LoadingShimmerOnTableView.framework; sourceTree = BUILT_PRODUCTS_DIR; };
		8D8ABB241EF54D81631E5BDD /* Pods-LoadingShimmerOnTableView.release.xcconfig */ = {isa = PBXFileReference; includeInIndex = 1; lastKnownFileType = text.xcconfig; name = "Pods-LoadingShimmerOnTableView.release.xcconfig"; path = "Target Support Files/Pods-LoadingShimmerOnTableView/Pods-LoadingShimmerOnTableView.release.xcconfig"; sourceTree = "<group>"; };
		CB20B8102467E84600A68227 /* LoadingShimmerOnTableView.app */ = {isa = PBXFileReference; explicitFileType = wrapper.application; includeInIndex = 0; path = LoadingShimmerOnTableView.app; sourceTree = BUILT_PRODUCTS_DIR; };
		CB20B8132467E84600A68227 /* AppDelegate.swift */ = {isa = PBXFileReference; lastKnownFileType = sourcecode.swift; path = AppDelegate.swift; sourceTree = "<group>"; };
		CB20B8152467E84600A68227 /* SceneDelegate.swift */ = {isa = PBXFileReference; lastKnownFileType = sourcecode.swift; path = SceneDelegate.swift; sourceTree = "<group>"; };
		CB20B8172467E84600A68227 /* ViewController.swift */ = {isa = PBXFileReference; lastKnownFileType = sourcecode.swift; path = ViewController.swift; sourceTree = "<group>"; };
		CB20B81A2467E84600A68227 /* Base */ = {isa = PBXFileReference; lastKnownFileType = file.storyboard; name = Base; path = Base.lproj/Main.storyboard; sourceTree = "<group>"; };
		CB20B81C2467E84900A68227 /* Assets.xcassets */ = {isa = PBXFileReference; lastKnownFileType = folder.assetcatalog; path = Assets.xcassets; sourceTree = "<group>"; };
		CB20B81F2467E84900A68227 /* Base */ = {isa = PBXFileReference; lastKnownFileType = file.storyboard; name = Base; path = Base.lproj/LaunchScreen.storyboard; sourceTree = "<group>"; };
		CB20B8212467E84900A68227 /* Info.plist */ = {isa = PBXFileReference; lastKnownFileType = text.plist.xml; path = Info.plist; sourceTree = "<group>"; };
		CB20B8272467EA2300A68227 /* CustomTableViewCell.swift */ = {isa = PBXFileReference; lastKnownFileType = sourcecode.swift; path = CustomTableViewCell.swift; sourceTree = "<group>"; };
/* End PBXFileReference section */

/* Begin PBXFrameworksBuildPhase section */
		CB20B80D2467E84600A68227 /* Frameworks */ = {
			isa = PBXFrameworksBuildPhase;
			buildActionMask = 2147483647;
			files = (
				32C10D2BDA49C30107AD309E /* Pods_LoadingShimmerOnTableView.framework in Frameworks */,
			);
			runOnlyForDeploymentPostprocessing = 0;
		};
/* End PBXFrameworksBuildPhase section */

/* Begin PBXGroup section */
		66381A93F033FEAC22B4253D /* Frameworks */ = {
			isa = PBXGroup;
			children = (
				8CD264507ADCF215ADB2841E /* Pods_LoadingShimmerOnTableView.framework */,
			);
			name = Frameworks;
			sourceTree = "<group>";
		};
		C53F01C794B9A673862E1CC5 /* Pods */ = {
			isa = PBXGroup;
			children = (
				67CC16A63AD6BCF41FB82435 /* Pods-LoadingShimmerOnTableView.debug.xcconfig */,
				8D8ABB241EF54D81631E5BDD /* Pods-LoadingShimmerOnTableView.release.xcconfig */,
			);
			path = Pods;
			sourceTree = "<group>";
		};
		CB20B8072467E84600A68227 = {
			isa = PBXGroup;
			children = (
				CB20B8122467E84600A68227 /* LoadingShimmerOnTableView */,
				CB20B8112467E84600A68227 /* Products */,
				C53F01C794B9A673862E1CC5 /* Pods */,
				66381A93F033FEAC22B4253D /* Frameworks */,
			);
			sourceTree = "<group>";
		};
		CB20B8112467E84600A68227 /* Products */ = {
			isa = PBXGroup;
			children = (
				CB20B8102467E84600A68227 /* LoadingShimmerOnTableView.app */,
			);
			name = Products;
			sourceTree = "<group>";
		};
		CB20B8122467E84600A68227 /* LoadingShimmerOnTableView */ = {
			isa = PBXGroup;
			children = (
				CB20B8132467E84600A68227 /* AppDelegate.swift */,
				CB20B8152467E84600A68227 /* SceneDelegate.swift */,
				CB20B8172467E84600A68227 /* ViewController.swift */,
				CB20B8272467EA2300A68227 /* CustomTableViewCell.swift */,
				CB20B8192467E84600A68227 /* Main.storyboard */,
				CB20B81C2467E84900A68227 /* Assets.xcassets */,
				CB20B81E2467E84900A68227 /* LaunchScreen.storyboard */,
				CB20B8212467E84900A68227 /* Info.plist */,
			);
			path = LoadingShimmerOnTableView;
			sourceTree = "<group>";
		};
/* End PBXGroup section */

/* Begin PBXNativeTarget section */
		CB20B80F2467E84600A68227 /* LoadingShimmerOnTableView */ = {
			isa = PBXNativeTarget;
			buildConfigurationList = CB20B8242467E84900A68227 /* Build configuration list for PBXNativeTarget "LoadingShimmerOnTableView" */;
			buildPhases = (
				E255E9EF933B82E1EF1E83A1 /* [CP] Check Pods Manifest.lock */,
				CB20B80C2467E84600A68227 /* Sources */,
				CB20B80D2467E84600A68227 /* Frameworks */,
				CB20B80E2467E84600A68227 /* Resources */,
				AAD027BE2FA1F63006DE4270 /* [CP] Embed Pods Frameworks */,
			);
			buildRules = (
			);
			dependencies = (
			);
			name = LoadingShimmerOnTableView;
			productName = LoadingShimmerOnTableView;
			productReference = CB20B8102467E84600A68227 /* LoadingShimmerOnTableView.app */;
			productType = "com.apple.product-type.application";
		};
/* End PBXNativeTarget section */

/* Begin PBXProject section */
		CB20B8082467E84600A68227 /* Project object */ = {
			isa = PBXProject;
			attributes = {
				LastSwiftUpdateCheck = 1140;
				LastUpgradeCheck = 1140;
				ORGANIZATIONNAME = "Nikhil Balne";
				TargetAttributes = {
					CB20B80F2467E84600A68227 = {
						CreatedOnToolsVersion = 11.4;
					};
				};
			};
			buildConfigurationList = CB20B80B2467E84600A68227 /* Build configuration list for PBXProject "LoadingShimmerOnTableView" */;
			compatibilityVersion = "Xcode 9.3";
			developmentRegion = en;
			hasScannedForEncodings = 0;
			knownRegions = (
				en,
				Base,
			);
			mainGroup = CB20B8072467E84600A68227;
			productRefGroup = CB20B8112467E84600A68227 /* Products */;
			projectDirPath = "";
			projectRoot = "";
			targets = (
				CB20B80F2467E84600A68227 /* LoadingShimmerOnTableView */,
			);
		};
/* End PBXProject section */

/* Begin PBXResourcesBuildPhase section */
		CB20B80E2467E84600A68227 /* Resources */ = {
			isa = PBXResourcesBuildPhase;
			buildActionMask = 2147483647;
			files = (
				CB20B8202467E84900A68227 /* LaunchScreen.storyboard in Resources */,
				CB20B81D2467E84900A68227 /* Assets.xcassets in Resources */,
				CB20B81B2467E84600A68227 /* Main.storyboard in Resources */,
			);
			runOnlyForDeploymentPostprocessing = 0;
		};
/* End PBXResourcesBuildPhase section */

/* Begin PBXShellScriptBuildPhase section */
		AAD027BE2FA1F63006DE4270 /* [CP] Embed Pods Frameworks */ = {
			isa = PBXShellScriptBuildPhase;
			buildActionMask = 2147483647;
			files = (
			);
			inputFileListPaths = (
				"${PODS_ROOT}/Target Support Files/Pods-LoadingShimmerOnTableView/Pods-LoadingShimmerOnTableView-frameworks-${CONFIGURATION}-input-files.xcfilelist",
			);
			name = "[CP] Embed Pods Frameworks";
			outputFileListPaths = (
				"${PODS_ROOT}/Target Support Files/Pods-LoadingShimmerOnTableView/Pods-LoadingShimmerOnTableView-frameworks-${CONFIGURATION}-output-files.xcfilelist",
			);
			runOnlyForDeploymentPostprocessing = 0;
			shellPath = /bin/sh;
			shellScript = "\"${PODS_ROOT}/Target Support Files/Pods-LoadingShimmerOnTableView/Pods-LoadingShimmerOnTableView-frameworks.sh\"\n";
			showEnvVarsInLog = 0;
		};
		E255E9EF933B82E1EF1E83A1 /* [CP] Check Pods Manifest.lock */ = {
			isa = PBXShellScriptBuildPhase;
			buildActionMask = 2147483647;
			files = (
			);
			inputFileListPaths = (
			);
			inputPaths = (
				"${PODS_PODFILE_DIR_PATH}/Podfile.lock",
				"${PODS_ROOT}/Manifest.lock",
			);
			name = "[CP] Check Pods Manifest.lock";
			outputFileListPaths = (
			);
			outputPaths = (
				"$(DERIVED_FILE_DIR)/Pods-LoadingShimmerOnTableView-checkManifestLockResult.txt",
			);
			runOnlyForDeploymentPostprocessing = 0;
			shellPath = /bin/sh;
			shellScript = "diff \"${PODS_PODFILE_DIR_PATH}/Podfile.lock\" \"${PODS_ROOT}/Manifest.lock\" > /dev/null\nif [ $? != 0 ] ; then\n    # print error to STDERR\n    echo \"error: The sandbox is not in sync with the Podfile.lock. Run 'pod install' or update your CocoaPods installation.\" >&2\n    exit 1\nfi\n# This output is used by Xcode 'outputs' to avoid re-running this script phase.\necho \"SUCCESS\" > \"${SCRIPT_OUTPUT_FILE_0}\"\n";
			showEnvVarsInLog = 0;
		};
/* End PBXShellScriptBuildPhase section */

/* Begin PBXSourcesBuildPhase section */
		CB20B80C2467E84600A68227 /* Sources */ = {
			isa = PBXSourcesBuildPhase;
			buildActionMask = 2147483647;
			files = (
				CB20B8182467E84600A68227 /* ViewController.swift in Sources */,
				CB20B8142467E84600A68227 /* AppDelegate.swift in Sources */,
				CB20B8282467EA2300A68227 /* CustomTableViewCell.swift in Sources */,
				CB20B8162467E84600A68227 /* SceneDelegate.swift in Sources */,
			);
			runOnlyForDeploymentPostprocessing = 0;
		};
/* End PBXSourcesBuildPhase section */

/* Begin PBXVariantGroup section */
		CB20B8192467E84600A68227 /* Main.storyboard */ = {
			isa = PBXVariantGroup;
			children = (
				CB20B81A2467E84600A68227 /* Base */,
			);
			name = Main.storyboard;
			sourceTree = "<group>";
		};
		CB20B81E2467E84900A68227 /* LaunchScreen.storyboard */ = {
			isa = PBXVariantGroup;
			children = (
				CB20B81F2467E84900A68227 /* Base */,
			);
			name = LaunchScreen.storyboard;
			sourceTree = "<group>";
		};
/* End PBXVariantGroup section */

/* Begin XCBuildConfiguration section */
		CB20B8222467E84900A68227 /* Debug */ = {
			isa = XCBuildConfiguration;
			buildSettings = {
				ALWAYS_SEARCH_USER_PATHS = NO;
				CLANG_ANALYZER_NONNULL = YES;
				CLANG_ANALYZER_NUMBER_OBJECT_CONVERSION = YES_AGGRESSIVE;
				CLANG_CXX_LANGUAGE_STANDARD = "gnu++14";
				CLANG_CXX_LIBRARY = "libc++";
				CLANG_ENABLE_MODULES = YES;
				CLANG_ENABLE_OBJC_ARC = YES;
				CLANG_ENABLE_OBJC_WEAK = YES;
				CLANG_WARN_BLOCK_CAPTURE_AUTORELEASING = YES;
				CLANG_WARN_BOOL_CONVERSION = YES;
				CLANG_WARN_COMMA = YES;
				CLANG_WARN_CONSTANT_CONVERSION = YES;
				CLANG_WARN_DEPRECATED_OBJC_IMPLEMENTATIONS = YES;
				CLANG_WARN_DIRECT_OBJC_ISA_USAGE = YES_ERROR;
				CLANG_WARN_DOCUMENTATION_COMMENTS = YES;
				CLANG_WARN_EMPTY_BODY = YES;
				CLANG_WARN_ENUM_CONVERSION = YES;
				CLANG_WARN_INFINITE_RECURSION = YES;
				CLANG_WARN_INT_CONVERSION = YES;
				CLANG_WARN_NON_LITERAL_NULL_CONVERSION = YES;
				CLANG_WARN_OBJC_IMPLICIT_RETAIN_SELF = YES;
				CLANG_WARN_OBJC_LITERAL_CONVERSION = YES;
				CLANG_WARN_OBJC_ROOT_CLASS = YES_ERROR;
				CLANG_WARN_RANGE_LOOP_ANALYSIS = YES;
				CLANG_WARN_STRICT_PROTOTYPES = YES;
				CLANG_WARN_SUSPICIOUS_MOVE = YES;
				CLANG_WARN_UNGUARDED_AVAILABILITY = YES_AGGRESSIVE;
				CLANG_WARN_UNREACHABLE_CODE = YES;
				CLANG_WARN__DUPLICATE_METHOD_MATCH = YES;
				COPY_PHASE_STRIP = NO;
				DEBUG_INFORMATION_FORMAT = dwarf;
				ENABLE_STRICT_OBJC_MSGSEND = YES;
				ENABLE_TESTABILITY = YES;
				GCC_C_LANGUAGE_STANDARD = gnu11;
				GCC_DYNAMIC_NO_PIC = NO;
				GCC_NO_COMMON_BLOCKS = YES;
				GCC_OPTIMIZATION_LEVEL = 0;
				GCC_PREPROCESSOR_DEFINITIONS = (
					"DEBUG=1",
					"$(inherited)",
				);
				GCC_WARN_64_TO_32_BIT_CONVERSION = YES;
				GCC_WARN_ABOUT_RETURN_TYPE = YES_ERROR;
				GCC_WARN_UNDECLARED_SELECTOR = YES;
				GCC_WARN_UNINITIALIZED_AUTOS = YES_AGGRESSIVE;
				GCC_WARN_UNUSED_FUNCTION = YES;
				GCC_WARN_UNUSED_VARIABLE = YES;
				IPHONEOS_DEPLOYMENT_TARGET = 13.4;
				MTL_ENABLE_DEBUG_INFO = INCLUDE_SOURCE;
				MTL_FAST_MATH = YES;
				ONLY_ACTIVE_ARCH = YES;
				SDKROOT = iphoneos;
				SWIFT_ACTIVE_COMPILATION_CONDITIONS = DEBUG;
				SWIFT_OPTIMIZATION_LEVEL = "-Onone";
			};
			name = Debug;
		};
		CB20B8232467E84900A68227 /* Release */ = {
			isa = XCBuildConfiguration;
			buildSettings = {
				ALWAYS_SEARCH_USER_PATHS = NO;
				CLANG_ANALYZER_NONNULL = YES;
				CLANG_ANALYZER_NUMBER_OBJECT_CONVERSION = YES_AGGRESSIVE;
				CLANG_CXX_LANGUAGE_STANDARD = "gnu++14";
				CLANG_CXX_LIBRARY = "libc++";
				CLANG_ENABLE_MODULES = YES;
				CLANG_ENABLE_OBJC_ARC = YES;
				CLANG_ENABLE_OBJC_WEAK = YES;
				CLANG_WARN_BLOCK_CAPTURE_AUTORELEASING = YES;
				CLANG_WARN_BOOL_CONVERSION = YES;
				CLANG_WARN_COMMA = YES;
				CLANG_WARN_CONSTANT_CONVERSION = YES;
				CLANG_WARN_DEPRECATED_OBJC_IMPLEMENTATIONS = YES;
				CLANG_WARN_DIRECT_OBJC_ISA_USAGE = YES_ERROR;
				CLANG_WARN_DOCUMENTATION_COMMENTS = YES;
				CLANG_WARN_EMPTY_BODY = YES;
				CLANG_WARN_ENUM_CONVERSION = YES;
				CLANG_WARN_INFINITE_RECURSION = YES;
				CLANG_WARN_INT_CONVERSION = YES;
				CLANG_WARN_NON_LITERAL_NULL_CONVERSION = YES;
				CLANG_WARN_OBJC_IMPLICIT_RETAIN_SELF = YES;
				CLANG_WARN_OBJC_LITERAL_CONVERSION = YES;
				CLANG_WARN_OBJC_ROOT_CLASS = YES_ERROR;
				CLANG_WARN_RANGE_LOOP_ANALYSIS = YES;
				CLANG_WARN_STRICT_PROTOTYPES = YES;
				CLANG_WARN_SUSPICIOUS_MOVE = YES;
				CLANG_WARN_UNGUARDED_AVAILABILITY = YES_AGGRESSIVE;
				CLANG_WARN_UNREACHABLE_CODE = YES;
				CLANG_WARN__DUPLICATE_METHOD_MATCH = YES;
				COPY_PHASE_STRIP = NO;
				DEBUG_INFORMATION_FORMAT = "dwarf-with-dsym";
				ENABLE_NS_ASSERTIONS = NO;
				ENABLE_STRICT_OBJC_MSGSEND = YES;
				GCC_C_LANGUAGE_STANDARD = gnu11;
				GCC_NO_COMMON_BLOCKS = YES;
				GCC_WARN_64_TO_32_BIT_CONVERSION = YES;
				GCC_WARN_ABOUT_RETURN_TYPE = YES_ERROR;
				GCC_WARN_UNDECLARED_SELECTOR = YES;
				GCC_WARN_UNINITIALIZED_AUTOS = YES_AGGRESSIVE;
				GCC_WARN_UNUSED_FUNCTION = YES;
				GCC_WARN_UNUSED_VARIABLE = YES;
				IPHONEOS_DEPLOYMENT_TARGET = 13.4;
				MTL_ENABLE_DEBUG_INFO = NO;
				MTL_FAST_MATH = YES;
				SDKROOT = iphoneos;
				SWIFT_COMPILATION_MODE = wholemodule;
				SWIFT_OPTIMIZATION_LEVEL = "-O";
				VALIDATE_PRODUCT = YES;
			};
			name = Release;
		};
		CB20B8252467E84900A68227 /* Debug */ = {
			isa = XCBuildConfiguration;
			baseConfigurationReference = 67CC16A63AD6BCF41FB82435 /* Pods-LoadingShimmerOnTableView.debug.xcconfig */;
			buildSettings = {
				ASSETCATALOG_COMPILER_APPICON_NAME = AppIcon;
				CODE_SIGN_STYLE = Automatic;
				INFOPLIST_FILE = LoadingShimmerOnTableView/Info.plist;
				LD_RUNPATH_SEARCH_PATHS = (
					"$(inherited)",
					"@executable_path/Frameworks",
				);
				PRODUCT_BUNDLE_IDENTIFIER = ihubtechnologies.LoadingShimmerOnTableView;
				PRODUCT_NAME = "$(TARGET_NAME)";
				SWIFT_VERSION = 5.0;
				TARGETED_DEVICE_FAMILY = "1,2";
			};
			name = Debug;
		};
		CB20B8262467E84900A68227 /* Release */ = {
			isa = XCBuildConfiguration;
			baseConfigurationReference = 8D8ABB241EF54D81631E5BDD /* Pods-LoadingShimmerOnTableView.release.xcconfig */;
			buildSettings = {
				ASSETCATALOG_COMPILER_APPICON_NAME = AppIcon;
				CODE_SIGN_STYLE = Automatic;
				INFOPLIST_FILE = LoadingShimmerOnTableView/Info.plist;
				LD_RUNPATH_SEARCH_PATHS = (
					"$(inherited)",
					"@executable_path/Frameworks",
				);
				PRODUCT_BUNDLE_IDENTIFIER = ihubtechnologies.LoadingShimmerOnTableView;
				PRODUCT_NAME = "$(TARGET_NAME)";
				SWIFT_VERSION = 5.0;
				TARGETED_DEVICE_FAMILY = "1,2";
			};
			name = Release;
		};
/* End XCBuildConfiguration section */

/* Begin XCConfigurationList section */
		CB20B80B2467E84600A68227 /* Build configuration list for PBXProject "LoadingShimmerOnTableView" */ = {
			isa = XCConfigurationList;
			buildConfigurations = (
				CB20B8222467E84900A68227 /* Debug */,
				CB20B8232467E84900A68227 /* Release */,
			);
			defaultConfigurationIsVisible = 0;
			defaultConfigurationName = Release;
		};
		CB20B8242467E84900A68227 /* Build configuration list for PBXNativeTarget "LoadingShimmerOnTableView" */ = {
			isa = XCConfigurationList;
			buildConfigurations = (
				CB20B8252467E84900A68227 /* Debug */,
				CB20B8262467E84900A68227 /* Release */,
			);
			defaultConfigurationIsVisible = 0;
			defaultConfigurationName = Release;
		};
/* End XCConfigurationList section */
	};
	rootObject = CB20B8082467E84600A68227 /* Project object */;
}
